
Microsoft Visual Studio Solution File, Format Version 12.00
# Visual Studio 15
VisualStudioVersion = 15.0.27130.2024
MinimumVisualStudioVersion = 10.0.40219.1
Project("{FAE04EC0-301F-11D3-BF4B-00C04F79EFBC}") = "RetroPieGamelistCleaner", "RetroPieGamelistCleaner\RetroPieGamelistCleaner.csproj", "{E01C458D-A667-435D-8109-AD8D48A537F4}"
EndProject
Global
	GlobalSection(SolutionConfigurationPlatforms) = preSolution
		Debug|Any CPU = Debug|Any CPU
		Release|Any CPU = Release|Any CPU
	EndGlobalSection
	GlobalSection(ProjectConfigurationPlatforms) = postSolution
		{E01C458D-A667-435D-8109-AD8D48A537F4}.Debug|Any CPU.ActiveCfg = Debug|Any CPU
		{E01C458D-A667-435D-8109-AD8D48A537F4}.Debug|Any CPU.Build.0 = Debug|Any CPU
		{E01C458D-A667-435D-8109-AD8D48A537F4}.Release|Any CPU.ActiveCfg = Release|Any CPU
		{E01C458D-A667-435D-8109-AD8D48A537F4}.Release|Any CPU.Build.0 = Release|Any CPU
	EndGlobalSection
	GlobalSection(SolutionProperties) = preSolution
		HideSolutionNode = FALSE
	EndGlobalSection
	GlobalSection(ExtensibilityGlobals) = postSolution
		SolutionGuid = {CF42E8DE-2A8A-4D98-850D-E4E29BCA1AB5}
	EndGlobalSection
EndGlobal
